
Microsoft Visual Studio Solution File, Format Version 12.00
# Visual Studio Version 16
VisualStudioVersion = 16.0.31321.278
MinimumVisualStudioVersion = 10.0.40219.1
Project("{9A19103F-16F7-4668-BE54-9A1E7A4F7556}") = "WebApplication", "WebApplication\WebApplication.csproj", "{486216C6-4965-478A-996F-C4E745497544}"
	ProjectSection(ProjectDependencies) = postProject
		{475DF1C3-485E-41A1-B37E-53659C24A6A8} = {475DF1C3-485E-41A1-B37E-53659C24A6A8}
		{AC9D74F0-FE19-49B5-A8F4-A60FC32355D7} = {AC9D74F0-FE19-49B5-A8F4-A60FC32355D7}
	EndProjectSection
EndProject
Project("{9A19103F-16F7-4668-BE54-9A1E7A4F7556}") = "ConsoleApp", "ConsoleApp\ConsoleApp.csproj", "{2BD3B7BD-E71E-4351-8814-7A43089F3DC0}"
EndProject
Project("{FAE04EC0-301F-11D3-BF4B-00C04F79EFBC}") = "Model", "Model\Model.csproj", "{475DF1C3-485E-41A1-B37E-53659C24A6A8}"
EndProject
Project("{FAE04EC0-301F-11D3-BF4B-00C04F79EFBC}") = "Business", "Business\Business.csproj", "{AC9D74F0-FE19-49B5-A8F4-A60FC32355D7}"
EndProject
Project("{FAE04EC0-301F-11D3-BF4B-00C04F79EFBC}") = "DataAccess", "DataAccess\DataAccess.csproj", "{A7D7BB99-7B0A-4B0E-A20F-E441D477BC18}"
EndProject
Global
	GlobalSection(SolutionConfigurationPlatforms) = preSolution
		Debug|Any CPU = Debug|Any CPU
		Release|Any CPU = Release|Any CPU
	EndGlobalSection
	GlobalSection(ProjectConfigurationPlatforms) = postSolution
		{486216C6-4965-478A-996F-C4E745497544}.Debug|Any CPU.ActiveCfg = Debug|Any CPU
		{486216C6-4965-478A-996F-C4E745497544}.Debug|Any CPU.Build.0 = Debug|Any CPU
		{486216C6-4965-478A-996F-C4E745497544}.Release|Any CPU.ActiveCfg = Release|Any CPU
		{486216C6-4965-478A-996F-C4E745497544}.Release|Any CPU.Build.0 = Release|Any CPU
		{2BD3B7BD-E71E-4351-8814-7A43089F3DC0}.Debug|Any CPU.ActiveCfg = Debug|Any CPU
		{2BD3B7BD-E71E-4351-8814-7A43089F3DC0}.Debug|Any CPU.Build.0 = Debug|Any CPU
		{2BD3B7BD-E71E-4351-8814-7A43089F3DC0}.Release|Any CPU.ActiveCfg = Release|Any CPU
		{2BD3B7BD-E71E-4351-8814-7A43089F3DC0}.Release|Any CPU.Build.0 = Release|Any CPU
		{475DF1C3-485E-41A1-B37E-53659C24A6A8}.Debug|Any CPU.ActiveCfg = Debug|Any CPU
		{475DF1C3-485E-41A1-B37E-53659C24A6A8}.Debug|Any CPU.Build.0 = Debug|Any CPU
		{475DF1C3-485E-41A1-B37E-53659C24A6A8}.Release|Any CPU.ActiveCfg = Release|Any CPU
		{475DF1C3-485E-41A1-B37E-53659C24A6A8}.Release|Any CPU.Build.0 = Release|Any CPU
		{AC9D74F0-FE19-49B5-A8F4-A60FC32355D7}.Debug|Any CPU.ActiveCfg = Debug|Any CPU
		{AC9D74F0-FE19-49B5-A8F4-A60FC32355D7}.Debug|Any CPU.Build.0 = Debug|Any CPU
		{AC9D74F0-FE19-49B5-A8F4-A60FC32355D7}.Release|Any CPU.ActiveCfg = Release|Any CPU
		{AC9D74F0-FE19-49B5-A8F4-A60FC32355D7}.Release|Any CPU.Build.0 = Release|Any CPU
		{A7D7BB99-7B0A-4B0E-A20F-E441D477BC18}.Debug|Any CPU.ActiveCfg = Debug|Any CPU
		{A7D7BB99-7B0A-4B0E-A20F-E441D477BC18}.Debug|Any CPU.Build.0 = Debug|Any CPU
		{A7D7BB99-7B0A-4B0E-A20F-E441D477BC18}.Release|Any CPU.ActiveCfg = Release|Any CPU
		{A7D7BB99-7B0A-4B0E-A20F-E441D477BC18}.Release|Any CPU.Build.0 = Release|Any CPU
	EndGlobalSection
	GlobalSection(SolutionProperties) = preSolution
		HideSolutionNode = FALSE
	EndGlobalSection
	GlobalSection(ExtensibilityGlobals) = postSolution
		SolutionGuid = {A9A529A2-5A8A-4C7C-B2AE-77E0627DB4F2}
	EndGlobalSection
EndGlobal
